// !$*UTF8*$!
{
	archiveVersion = 1;
	classes = {
	};
	objectVersion = 50;
	objects = {

/* Begin PBXBuildFile section */
		D232CF7C20768C8C00838954 /* BaseProfileViewController.swift in Sources */ = {isa = PBXBuildFile; fileRef = D2AF368E2075D01E00D5FFAF /* BaseProfileViewController.swift */; };
		D2AF367D2075CFCA00D5FFAF /* AppDelegate.swift in Sources */ = {isa = PBXBuildFile; fileRef = D2AF367C2075CFCA00D5FFAF /* AppDelegate.swift */; };
		D2AF367F2075CFCA00D5FFAF /* ViewController.swift in Sources */ = {isa = PBXBuildFile; fileRef = D2AF367E2075CFCA00D5FFAF /* ViewController.swift */; };
		D2AF36842075CFCC00D5FFAF /* Assets.xcassets in Resources */ = {isa = PBXBuildFile; fileRef = D2AF36832075CFCC00D5FFAF /* Assets.xcassets */; };
		D2AF36872075CFCC00D5FFAF /* LaunchScreen.storyboard in Resources */ = {isa = PBXBuildFile; fileRef = D2AF36852075CFCC00D5FFAF /* LaunchScreen.storyboard */; };
		D2AF36912075D03600D5FFAF /* UserProfileViewController.swift in Sources */ = {isa = PBXBuildFile; fileRef = D2AF36902075D03600D5FFAF /* UserProfileViewController.swift */; };
		D2AF36942075D0FC00D5FFAF /* ProfileHeaderView.swift in Sources */ = {isa = PBXBuildFile; fileRef = D2AF36922075D0FB00D5FFAF /* ProfileHeaderView.swift */; };
		D2AF36972075D11200D5FFAF /* HitTestScrollView.swift in Sources */ = {isa = PBXBuildFile; fileRef = D2AF36962075D11200D5FFAF /* HitTestScrollView.swift */; };
		D2AF36992075D40700D5FFAF /* HitTestContainerViewController.swift in Sources */ = {isa = PBXBuildFile; fileRef = D2AF36982075D40700D5FFAF /* HitTestContainerViewController.swift */; };
		D2AF369B2075D6F400D5FFAF /* HitTestScrollViewCell.swift in Sources */ = {isa = PBXBuildFile; fileRef = D2AF369A2075D6F400D5FFAF /* HitTestScrollViewCell.swift */; };
		D2AF36A32076209500D5FFAF /* ScrollableSegmentedControl.swift in Sources */ = {isa = PBXBuildFile; fileRef = D2AF36A22076209500D5FFAF /* ScrollableSegmentedControl.swift */; };
		D2AF36A72076260A00D5FFAF /* ChildTableViewController.swift in Sources */ = {isa = PBXBuildFile; fileRef = D2AF36A62076260A00D5FFAF /* ChildTableViewController.swift */; };
/* End PBXBuildFile section */

/* Begin PBXFileReference section */
		D2AF36792075CFCA00D5FFAF /* UserProfileExample.app */ = {isa = PBXFileReference; explicitFileType = wrapper.application; includeInIndex = 0; path = UserProfileExample.app; sourceTree = BUILT_PRODUCTS_DIR; };
		D2AF367C2075CFCA00D5FFAF /* AppDelegate.swift */ = {isa = PBXFileReference; lastKnownFileType = sourcecode.swift; path = AppDelegate.swift; sourceTree = "<group>"; };
		D2AF367E2075CFCA00D5FFAF /* ViewController.swift */ = {isa = PBXFileReference; lastKnownFileType = sourcecode.swift; path = ViewController.swift; sourceTree = "<group>"; };
		D2AF36832075CFCC00D5FFAF /* Assets.xcassets */ = {isa = PBXFileReference; lastKnownFileType = folder.assetcatalog; path = Assets.xcassets; sourceTree = "<group>"; };
		D2AF36862075CFCC00D5FFAF /* Base */ = {isa = PBXFileReference; lastKnownFileType = file.storyboard; name = Base; path = Base.lproj/LaunchScreen.storyboard; sourceTree = "<group>"; };
		D2AF36882075CFCC00D5FFAF /* Info.plist */ = {isa = PBXFileReference; lastKnownFileType = text.plist.xml; path = Info.plist; sourceTree = "<group>"; };
		D2AF368E2075D01E00D5FFAF /* BaseProfileViewController.swift */ = {isa = PBXFileReference; fileEncoding = 4; lastKnownFileType = sourcecode.swift; path = BaseProfileViewController.swift; sourceTree = "<group>"; };
		D2AF36902075D03600D5FFAF /* UserProfileViewController.swift */ = {isa = PBXFileReference; fileEncoding = 4; lastKnownFileType = sourcecode.swift; path = UserProfileViewController.swift; sourceTree = "<group>"; };
		D2AF36922075D0FB00D5FFAF /* ProfileHeaderView.swift */ = {isa = PBXFileReference; fileEncoding = 4; lastKnownFileType = sourcecode.swift; path = ProfileHeaderView.swift; sourceTree = "<group>"; };
		D2AF36962075D11200D5FFAF /* HitTestScrollView.swift */ = {isa = PBXFileReference; fileEncoding = 4; lastKnownFileType = sourcecode.swift; path = HitTestScrollView.swift; sourceTree = "<group>"; };
		D2AF36982075D40700D5FFAF /* HitTestContainerViewController.swift */ = {isa = PBXFileReference; lastKnownFileType = sourcecode.swift; path = HitTestContainerViewController.swift; sourceTree = "<group>"; };
		D2AF369A2075D6F400D5FFAF /* HitTestScrollViewCell.swift */ = {isa = PBXFileReference; lastKnownFileType = sourcecode.swift; path = HitTestScrollViewCell.swift; sourceTree = "<group>"; };
		D2AF36A22076209500D5FFAF /* ScrollableSegmentedControl.swift */ = {isa = PBXFileReference; fileEncoding = 4; lastKnownFileType = sourcecode.swift; path = ScrollableSegmentedControl.swift; sourceTree = "<group>"; };
		D2AF36A62076260A00D5FFAF /* ChildTableViewController.swift */ = {isa = PBXFileReference; lastKnownFileType = sourcecode.swift; path = ChildTableViewController.swift; sourceTree = "<group>"; };
/* End PBXFileReference section */

/* Begin PBXFrameworksBuildPhase section */
		D2AF36762075CFCA00D5FFAF /* Frameworks */ = {
			isa = PBXFrameworksBuildPhase;
			buildActionMask = 2147483647;
			files = (
			);
			runOnlyForDeploymentPostprocessing = 0;
		};
/* End PBXFrameworksBuildPhase section */

/* Begin PBXGroup section */
		D2AF36702075CFCA00D5FFAF = {
			isa = PBXGroup;
			children = (
				D2AF367B2075CFCA00D5FFAF /* UserProfileExample */,
				D2AF367A2075CFCA00D5FFAF /* Products */,
			);
			sourceTree = "<group>";
		};
		D2AF367A2075CFCA00D5FFAF /* Products */ = {
			isa = PBXGroup;
			children = (
				D2AF36792075CFCA00D5FFAF /* UserProfileExample.app */,
			);
			name = Products;
			sourceTree = "<group>";
		};
		D2AF367B2075CFCA00D5FFAF /* UserProfileExample */ = {
			isa = PBXGroup;
			children = (
				D2AF36A22076209500D5FFAF /* ScrollableSegmentedControl.swift */,
				D2AF36962075D11200D5FFAF /* HitTestScrollView.swift */,
				D2AF36922075D0FB00D5FFAF /* ProfileHeaderView.swift */,
				D2AF36902075D03600D5FFAF /* UserProfileViewController.swift */,
				D2AF368E2075D01E00D5FFAF /* BaseProfileViewController.swift */,
				D2AF36982075D40700D5FFAF /* HitTestContainerViewController.swift */,
				D2AF369A2075D6F400D5FFAF /* HitTestScrollViewCell.swift */,
				D2AF36A62076260A00D5FFAF /* ChildTableViewController.swift */,
				D2AF367C2075CFCA00D5FFAF /* AppDelegate.swift */,
				D2AF367E2075CFCA00D5FFAF /* ViewController.swift */,
				D2AF36832075CFCC00D5FFAF /* Assets.xcassets */,
				D2AF36852075CFCC00D5FFAF /* LaunchScreen.storyboard */,
				D2AF36882075CFCC00D5FFAF /* Info.plist */,
			);
			path = UserProfileExample;
			sourceTree = "<group>";
		};
/* End PBXGroup section */

/* Begin PBXNativeTarget section */
		D2AF36782075CFCA00D5FFAF /* UserProfileExample */ = {
			isa = PBXNativeTarget;
			buildConfigurationList = D2AF368B2075CFCC00D5FFAF /* Build configuration list for PBXNativeTarget "UserProfileExample" */;
			buildPhases = (
				D2AF36752075CFCA00D5FFAF /* Sources */,
				D2AF36762075CFCA00D5FFAF /* Frameworks */,
				D2AF36772075CFCA00D5FFAF /* Resources */,
			);
			buildRules = (
			);
			dependencies = (
			);
			name = UserProfileExample;
			productName = UserProfileExample;
			productReference = D2AF36792075CFCA00D5FFAF /* UserProfileExample.app */;
			productType = "com.apple.product-type.application";
		};
/* End PBXNativeTarget section */

/* Begin PBXProject section */
		D2AF36712075CFCA00D5FFAF /* Project object */ = {
			isa = PBXProject;
			attributes = {
				LastSwiftUpdateCheck = 0930;
				LastUpgradeCheck = 0930;
				ORGANIZATIONNAME = alpface;
				TargetAttributes = {
					D2AF36782075CFCA00D5FFAF = {
						CreatedOnToolsVersion = 9.3;
					};
				};
			};
			buildConfigurationList = D2AF36742075CFCA00D5FFAF /* Build configuration list for PBXProject "UserProfileExample" */;
			compatibilityVersion = "Xcode 9.3";
			developmentRegion = en;
			hasScannedForEncodings = 0;
			knownRegions = (
				en,
				Base,
			);
			mainGroup = D2AF36702075CFCA00D5FFAF;
			productRefGroup = D2AF367A2075CFCA00D5FFAF /* Products */;
			projectDirPath = "";
			projectRoot = "";
			targets = (
				D2AF36782075CFCA00D5FFAF /* UserProfileExample */,
			);
		};
/* End PBXProject section */

/* Begin PBXResourcesBuildPhase section */
		D2AF36772075CFCA00D5FFAF /* Resources */ = {
			isa = PBXResourcesBuildPhase;
			buildActionMask = 2147483647;
			files = (
				D2AF36872075CFCC00D5FFAF /* LaunchScreen.storyboard in Resources */,
				D2AF36842075CFCC00D5FFAF /* Assets.xcassets in Resources */,
			);
			runOnlyForDeploymentPostprocessing = 0;
		};
/* End PBXResourcesBuildPhase section */

/* Begin PBXSourcesBuildPhase section */
		D2AF36752075CFCA00D5FFAF /* Sources */ = {
			isa = PBXSourcesBuildPhase;
			buildActionMask = 2147483647;
			files = (
				D2AF367F2075CFCA00D5FFAF /* ViewController.swift in Sources */,
				D232CF7C20768C8C00838954 /* BaseProfileViewController.swift in Sources */,
				D2AF36992075D40700D5FFAF /* HitTestContainerViewController.swift in Sources */,
				D2AF36912075D03600D5FFAF /* UserProfileViewController.swift in Sources */,
				D2AF36A32076209500D5FFAF /* ScrollableSegmentedControl.swift in Sources */,
				D2AF36942075D0FC00D5FFAF /* ProfileHeaderView.swift in Sources */,
				D2AF367D2075CFCA00D5FFAF /* AppDelegate.swift in Sources */,
				D2AF369B2075D6F400D5FFAF /* HitTestScrollViewCell.swift in Sources */,
				D2AF36972075D11200D5FFAF /* HitTestScrollView.swift in Sources */,
				D2AF36A72076260A00D5FFAF /* ChildTableViewController.swift in Sources */,
			);
			runOnlyForDeploymentPostprocessing = 0;
		};
/* End PBXSourcesBuildPhase section */

/* Begin PBXVariantGroup section */
		D2AF36852075CFCC00D5FFAF /* LaunchScreen.storyboard */ = {
			isa = PBXVariantGroup;
			children = (
				D2AF36862075CFCC00D5FFAF /* Base */,
			);
			name = LaunchScreen.storyboard;
			sourceTree = "<group>";
		};
/* End PBXVariantGroup section */

/* Begin XCBuildConfiguration section */
		D2AF36892075CFCC00D5FFAF /* Debug */ = {
			isa = XCBuildConfiguration;
			buildSettings = {
				ALWAYS_SEARCH_USER_PATHS = NO;
				CLANG_ANALYZER_NONNULL = YES;
				CLANG_ANALYZER_NUMBER_OBJECT_CONVERSION = YES_AGGRESSIVE;
				CLANG_CXX_LANGUAGE_STANDARD = "gnu++14";
				CLANG_CXX_LIBRARY = "libc++";
				CLANG_ENABLE_MODULES = YES;
				CLANG_ENABLE_OBJC_ARC = YES;
				CLANG_ENABLE_OBJC_WEAK = YES;
				CLANG_WARN_BLOCK_CAPTURE_AUTORELEASING = YES;
				CLANG_WARN_BOOL_CONVERSION = YES;
				CLANG_WARN_COMMA = YES;
				CLANG_WARN_CONSTANT_CONVERSION = YES;
				CLANG_WARN_DEPRECATED_OBJC_IMPLEMENTATIONS = YES;
				CLANG_WARN_DIRECT_OBJC_ISA_USAGE = YES_ERROR;
				CLANG_WARN_DOCUMENTATION_COMMENTS = YES;
				CLANG_WARN_EMPTY_BODY = YES;
				CLANG_WARN_ENUM_CONVERSION = YES;
				CLANG_WARN_INFINITE_RECURSION = YES;
				CLANG_WARN_INT_CONVERSION = YES;
				CLANG_WARN_NON_LITERAL_NULL_CONVERSION = YES;
				CLANG_WARN_OBJC_IMPLICIT_RETAIN_SELF = YES;
				CLANG_WARN_OBJC_LITERAL_CONVERSION = YES;
				CLANG_WARN_OBJC_ROOT_CLASS = YES_ERROR;
				CLANG_WARN_RANGE_LOOP_ANALYSIS = YES;
				CLANG_WARN_STRICT_PROTOTYPES = YES;
				CLANG_WARN_SUSPICIOUS_MOVE = YES;
				CLANG_WARN_UNGUARDED_AVAILABILITY = YES_AGGRESSIVE;
				CLANG_WARN_UNREACHABLE_CODE = YES;
				CLANG_WARN__DUPLICATE_METHOD_MATCH = YES;
				CODE_SIGN_IDENTITY = "iPhone Developer";
				COPY_PHASE_STRIP = NO;
				DEBUG_INFORMATION_FORMAT = dwarf;
				ENABLE_STRICT_OBJC_MSGSEND = YES;
				ENABLE_TESTABILITY = YES;
				GCC_C_LANGUAGE_STANDARD = gnu11;
				GCC_DYNAMIC_NO_PIC = NO;
				GCC_NO_COMMON_BLOCKS = YES;
				GCC_OPTIMIZATION_LEVEL = 0;
				GCC_PREPROCESSOR_DEFINITIONS = (
					"DEBUG=1",
					"$(inherited)",
				);
				GCC_WARN_64_TO_32_BIT_CONVERSION = YES;
				GCC_WARN_ABOUT_RETURN_TYPE = YES_ERROR;
				GCC_WARN_UNDECLARED_SELECTOR = YES;
				GCC_WARN_UNINITIALIZED_AUTOS = YES_AGGRESSIVE;
				GCC_WARN_UNUSED_FUNCTION = YES;
				GCC_WARN_UNUSED_VARIABLE = YES;
				IPHONEOS_DEPLOYMENT_TARGET = 11.3;
				MTL_ENABLE_DEBUG_INFO = YES;
				ONLY_ACTIVE_ARCH = YES;
				SDKROOT = iphoneos;
				SWIFT_ACTIVE_COMPILATION_CONDITIONS = DEBUG;
				SWIFT_OPTIMIZATION_LEVEL = "-Onone";
			};
			name = Debug;
		};
		D2AF368A2075CFCC00D5FFAF /* Release */ = {
			isa = XCBuildConfiguration;
			buildSettings = {
				ALWAYS_SEARCH_USER_PATHS = NO;
				CLANG_ANALYZER_NONNULL = YES;
				CLANG_ANALYZER_NUMBER_OBJECT_CONVERSION = YES_AGGRESSIVE;
				CLANG_CXX_LANGUAGE_STANDARD = "gnu++14";
				CLANG_CXX_LIBRARY = "libc++";
				CLANG_ENABLE_MODULES = YES;
				CLANG_ENABLE_OBJC_ARC = YES;
				CLANG_ENABLE_OBJC_WEAK = YES;
				CLANG_WARN_BLOCK_CAPTURE_AUTORELEASING = YES;
				CLANG_WARN_BOOL_CONVERSION = YES;
				CLANG_WARN_COMMA = YES;
				CLANG_WARN_CONSTANT_CONVERSION = YES;
				CLANG_WARN_DEPRECATED_OBJC_IMPLEMENTATIONS = YES;
				CLANG_WARN_DIRECT_OBJC_ISA_USAGE = YES_ERROR;
				CLANG_WARN_DOCUMENTATION_COMMENTS = YES;
				CLANG_WARN_EMPTY_BODY = YES;
				CLANG_WARN_ENUM_CONVERSION = YES;
				CLANG_WARN_INFINITE_RECURSION = YES;
				CLANG_WARN_INT_CONVERSION = YES;
				CLANG_WARN_NON_LITERAL_NULL_CONVERSION = YES;
				CLANG_WARN_OBJC_IMPLICIT_RETAIN_SELF = YES;
				CLANG_WARN_OBJC_LITERAL_CONVERSION = YES;
				CLANG_WARN_OBJC_ROOT_CLASS = YES_ERROR;
				CLANG_WARN_RANGE_LOOP_ANALYSIS = YES;
				CLANG_WARN_STRICT_PROTOTYPES = YES;
				CLANG_WARN_SUSPICIOUS_MOVE = YES;
				CLANG_WARN_UNGUARDED_AVAILABILITY = YES_AGGRESSIVE;
				CLANG_WARN_UNREACHABLE_CODE = YES;
				CLANG_WARN__DUPLICATE_METHOD_MATCH = YES;
				CODE_SIGN_IDENTITY = "iPhone Developer";
				COPY_PHASE_STRIP = NO;
				DEBUG_INFORMATION_FORMAT = "dwarf-with-dsym";
				ENABLE_NS_ASSERTIONS = NO;
				ENABLE_STRICT_OBJC_MSGSEND = YES;
				GCC_C_LANGUAGE_STANDARD = gnu11;
				GCC_NO_COMMON_BLOCKS = YES;
				GCC_WARN_64_TO_32_BIT_CONVERSION = YES;
				GCC_WARN_ABOUT_RETURN_TYPE = YES_ERROR;
				GCC_WARN_UNDECLARED_SELECTOR = YES;
				GCC_WARN_UNINITIALIZED_AUTOS = YES_AGGRESSIVE;
				GCC_WARN_UNUSED_FUNCTION = YES;
				GCC_WARN_UNUSED_VARIABLE = YES;
				IPHONEOS_DEPLOYMENT_TARGET = 11.3;
				MTL_ENABLE_DEBUG_INFO = NO;
				SDKROOT = iphoneos;
				SWIFT_COMPILATION_MODE = wholemodule;
				SWIFT_OPTIMIZATION_LEVEL = "-O";
				VALIDATE_PRODUCT = YES;
			};
			name = Release;
		};
		D2AF368C2075CFCC00D5FFAF /* Debug */ = {
			isa = XCBuildConfiguration;
			buildSettings = {
				ASSETCATALOG_COMPILER_APPICON_NAME = AppIcon;
				CODE_SIGN_STYLE = Automatic;
				DEVELOPMENT_TEAM = NKW67GFDHM;
				INFOPLIST_FILE = UserProfileExample/Info.plist;
				IPHONEOS_DEPLOYMENT_TARGET = 10.0;
				LD_RUNPATH_SEARCH_PATHS = (
					"$(inherited)",
					"@executable_path/Frameworks",
				);
				PRODUCT_BUNDLE_IDENTIFIER = com.alpface.UserProfileExample;
				PRODUCT_NAME = "$(TARGET_NAME)";
				SWIFT_VERSION = 4.0;
				TARGETED_DEVICE_FAMILY = "1,2";
			};
			name = Debug;
		};
		D2AF368D2075CFCC00D5FFAF /* Release */ = {
			isa = XCBuildConfiguration;
			buildSettings = {
				ASSETCATALOG_COMPILER_APPICON_NAME = AppIcon;
				CODE_SIGN_STYLE = Automatic;
				DEVELOPMENT_TEAM = NKW67GFDHM;
				INFOPLIST_FILE = UserProfileExample/Info.plist;
				IPHONEOS_DEPLOYMENT_TARGET = 10.0;
				LD_RUNPATH_SEARCH_PATHS = (
					"$(inherited)",
					"@executable_path/Frameworks",
				);
				PRODUCT_BUNDLE_IDENTIFIER = com.alpface.UserProfileExample;
				PRODUCT_NAME = "$(TARGET_NAME)";
				SWIFT_VERSION = 4.0;
				TARGETED_DEVICE_FAMILY = "1,2";
			};
			name = Release;
		};
/* End XCBuildConfiguration section */

/* Begin XCConfigurationList section */
		D2AF36742075CFCA00D5FFAF /* Build configuration list for PBXProject "UserProfileExample" */ = {
			isa = XCConfigurationList;
			buildConfigurations = (
				D2AF36892075CFCC00D5FFAF /* Debug */,
				D2AF368A2075CFCC00D5FFAF /* Release */,
			);
			defaultConfigurationIsVisible = 0;
			defaultConfigurationName = Release;
		};
		D2AF368B2075CFCC00D5FFAF /* Build configuration list for PBXNativeTarget "UserProfileExample" */ = {
			isa = XCConfigurationList;
			buildConfigurations = (
				D2AF368C2075CFCC00D5FFAF /* Debug */,
				D2AF368D2075CFCC00D5FFAF /* Release */,
			);
			defaultConfigurationIsVisible = 0;
			defaultConfigurationName = Release;
		};
/* End XCConfigurationList section */
	};
	rootObject = D2AF36712075CFCA00D5FFAF /* Project object */;
}
